
Microsoft Visual Studio Solution File, Format Version 12.00
# Visual Studio Version 16
VisualStudioVersion = 16.0.29613.14
MinimumVisualStudioVersion = 10.0.40219.1
Project("{9A19103F-16F7-4668-BE54-9A1E7A4F7556}") = "Octopanel-POC", "Octopanel-POC\Octopanel-POC.csproj", "{8618F1C4-2061-4A1A-9F1E-F754FC5F81CA}"
EndProject
Project("{9A19103F-16F7-4668-BE54-9A1E7A4F7556}") = "Octopanel-POC.Panels", "Octopanel-POC.Panels\Octopanel-POC.Panels.csproj", "{B48DB644-E6A2-4D86-A988-69417C903EEC}"
EndProject
Project("{FAE04EC0-301F-11D3-BF4B-00C04F79EFBC}") = "Octopanel-POC.Core", "Octopanel-POC.Core\Octopanel-POC.Core.csproj", "{AD391851-31E4-475B-B0FB-732D2A0DBAA8}"
EndProject
Global
	GlobalSection(SolutionConfigurationPlatforms) = preSolution
		Debug|Any CPU = Debug|Any CPU
		Release|Any CPU = Release|Any CPU
	EndGlobalSection
	GlobalSection(ProjectConfigurationPlatforms) = postSolution
		{8618F1C4-2061-4A1A-9F1E-F754FC5F81CA}.Debug|Any CPU.ActiveCfg = Debug|Any CPU
		{8618F1C4-2061-4A1A-9F1E-F754FC5F81CA}.Debug|Any CPU.Build.0 = Debug|Any CPU
		{8618F1C4-2061-4A1A-9F1E-F754FC5F81CA}.Release|Any CPU.ActiveCfg = Release|Any CPU
		{8618F1C4-2061-4A1A-9F1E-F754FC5F81CA}.Release|Any CPU.Build.0 = Release|Any CPU
		{B48DB644-E6A2-4D86-A988-69417C903EEC}.Debug|Any CPU.ActiveCfg = Debug|Any CPU
		{B48DB644-E6A2-4D86-A988-69417C903EEC}.Debug|Any CPU.Build.0 = Debug|Any CPU
		{B48DB644-E6A2-4D86-A988-69417C903EEC}.Release|Any CPU.ActiveCfg = Release|Any CPU
		{B48DB644-E6A2-4D86-A988-69417C903EEC}.Release|Any CPU.Build.0 = Release|Any CPU
		{AD391851-31E4-475B-B0FB-732D2A0DBAA8}.Debug|Any CPU.ActiveCfg = Debug|Any CPU
		{AD391851-31E4-475B-B0FB-732D2A0DBAA8}.Debug|Any CPU.Build.0 = Debug|Any CPU
		{AD391851-31E4-475B-B0FB-732D2A0DBAA8}.Release|Any CPU.ActiveCfg = Release|Any CPU
		{AD391851-31E4-475B-B0FB-732D2A0DBAA8}.Release|Any CPU.Build.0 = Release|Any CPU
	EndGlobalSection
	GlobalSection(SolutionProperties) = preSolution
		HideSolutionNode = FALSE
	EndGlobalSection
	GlobalSection(ExtensibilityGlobals) = postSolution
		SolutionGuid = {15FF3982-00CC-4D2B-80CA-A0A6513569C6}
	EndGlobalSection
EndGlobal
